
Microsoft Visual Studio Solution File, Format Version 12.00
# Visual Studio Version 17
VisualStudioVersion = 17.5.33502.453
MinimumVisualStudioVersion = 10.0.40219.1
Project("{FAE04EC0-301F-11D3-BF4B-00C04F79EFBC}") = "MontyHall", "MontyHall\MontyHall.csproj", "{7579AD39-51FD-49A3-8285-D3FCB3533520}"
EndProject
Global
	GlobalSection(SolutionConfigurationPlatforms) = preSolution
		Debug|Any CPU = Debug|Any CPU
		Release|Any CPU = Release|Any CPU
	EndGlobalSection
	GlobalSection(ProjectConfigurationPlatforms) = postSolution
		{7579AD39-51FD-49A3-8285-D3FCB3533520}.Debug|Any CPU.ActiveCfg = Debug|Any CPU
		{7579AD39-51FD-49A3-8285-D3FCB3533520}.Debug|Any CPU.Build.0 = Debug|Any CPU
		{7579AD39-51FD-49A3-8285-D3FCB3533520}.Release|Any CPU.ActiveCfg = Release|Any CPU
		{7579AD39-51FD-49A3-8285-D3FCB3533520}.Release|Any CPU.Build.0 = Release|Any CPU
	EndGlobalSection
	GlobalSection(SolutionProperties) = preSolution
		HideSolutionNode = FALSE
	EndGlobalSection
	GlobalSection(ExtensibilityGlobals) = postSolution
		SolutionGuid = {FF9E3E35-4294-48FF-9A82-C44A1916E1CF}
	EndGlobalSection
EndGlobal
